packages:
- git: https://github.com/dbt-labs/dbt-audit-helper.git
  name: audit_helper
  revision: 3bd0ca4e9d79b7d740ad7e77384b3d03a16cf242
- package: godatadriven/dbt_date
  name: dbt_date
  version: 0.15.0
- package: dbt-labs/dbt_utils
  name: dbt_utils
  version: 1.3.3
sha1_hash: 60ba87a38616e03d30fb838b1400fc6f8c15a0fd
